
Microsoft Visual Studio Solution File, Format Version 12.00
# Visual Studio Version 17
VisualStudioVersion = 17.1.32407.343
MinimumVisualStudioVersion = 10.0.40219.1
Project("{FAE04EC0-301F-11D3-BF4B-00C04F79EFBC}") = "RoleRollsPocketEdition", "RoleRollsPocketEdition.csproj", "{F7123585-A846-4825-9BF8-D74A0EDD4D8B}"
EndProject
Global
	GlobalSection(SolutionConfigurationPlatforms) = preSolution
		Debug|Any CPU = Debug|Any CPU
		Release|Any CPU = Release|Any CPU
	EndGlobalSection
	GlobalSection(ProjectConfigurationPlatforms) = postSolution
		{F7123585-A846-4825-9BF8-D74A0EDD4D8B}.Debug|Any CPU.ActiveCfg = Debug|Any CPU
		{F7123585-A846-4825-9BF8-D74A0EDD4D8B}.Debug|Any CPU.Build.0 = Debug|Any CPU
		{F7123585-A846-4825-9BF8-D74A0EDD4D8B}.Release|Any CPU.ActiveCfg = Release|Any CPU
		{F7123585-A846-4825-9BF8-D74A0EDD4D8B}.Release|Any CPU.Build.0 = Release|Any CPU
	EndGlobalSection
	GlobalSection(SolutionProperties) = preSolution
		HideSolutionNode = FALSE
	EndGlobalSection
	GlobalSection(ExtensibilityGlobals) = postSolution
		SolutionGuid = {A2BF54D1-3B4E-47C0-9F4D-296BF70ABA68}
	EndGlobalSection
EndGlobal
